
Microsoft Visual Studio Solution File, Format Version 12.00
# Visual Studio Version 17
VisualStudioVersion = 17.10.35004.147
MinimumVisualStudioVersion = 10.0.40219.1
Project("{9A19103F-16F7-4668-BE54-9A1E7A4F7556}") = "DataAccessLayer", "DataAccessLayer\DataAccessLayer.csproj", "{01AFE7D3-DEA9-494F-84AA-99BD0D91EB9E}"
EndProject
Project("{9A19103F-16F7-4668-BE54-9A1E7A4F7556}") = "Repositories", "Repositories\Repositories.csproj", "{88F4C1EE-4BF6-4300-811C-310A7D06F2DB}"
EndProject
Project("{9A19103F-16F7-4668-BE54-9A1E7A4F7556}") = "Services", "Services\Services.csproj", "{C0D615B4-7D17-40AC-BED7-061F0A29C4FD}"
EndProject
Project("{9A19103F-16F7-4668-BE54-9A1E7A4F7556}") = "View", "View\View.csproj", "{2478FE6E-07B0-4FC5-A5E9-3A9FA20D217F}"
EndProject
Project("{FAE04EC0-301F-11D3-BF4B-00C04F79EFBC}") = "BusinessObject", "BusinessObject\BusinessObject.csproj", "{AAB73F7C-B623-424A-BF2A-F437077DAC96}"
EndProject
Global
	GlobalSection(SolutionConfigurationPlatforms) = preSolution
		Debug|Any CPU = Debug|Any CPU
		Release|Any CPU = Release|Any CPU
	EndGlobalSection
	GlobalSection(ProjectConfigurationPlatforms) = postSolution
		{01AFE7D3-DEA9-494F-84AA-99BD0D91EB9E}.Debug|Any CPU.ActiveCfg = Debug|Any CPU
		{01AFE7D3-DEA9-494F-84AA-99BD0D91EB9E}.Debug|Any CPU.Build.0 = Debug|Any CPU
		{01AFE7D3-DEA9-494F-84AA-99BD0D91EB9E}.Release|Any CPU.ActiveCfg = Release|Any CPU
		{01AFE7D3-DEA9-494F-84AA-99BD0D91EB9E}.Release|Any CPU.Build.0 = Release|Any CPU
		{88F4C1EE-4BF6-4300-811C-310A7D06F2DB}.Debug|Any CPU.ActiveCfg = Debug|Any CPU
		{88F4C1EE-4BF6-4300-811C-310A7D06F2DB}.Debug|Any CPU.Build.0 = Debug|Any CPU
		{88F4C1EE-4BF6-4300-811C-310A7D06F2DB}.Release|Any CPU.ActiveCfg = Release|Any CPU
		{88F4C1EE-4BF6-4300-811C-310A7D06F2DB}.Release|Any CPU.Build.0 = Release|Any CPU
		{C0D615B4-7D17-40AC-BED7-061F0A29C4FD}.Debug|Any CPU.ActiveCfg = Debug|Any CPU
		{C0D615B4-7D17-40AC-BED7-061F0A29C4FD}.Debug|Any CPU.Build.0 = Debug|Any CPU
		{C0D615B4-7D17-40AC-BED7-061F0A29C4FD}.Release|Any CPU.ActiveCfg = Release|Any CPU
		{C0D615B4-7D17-40AC-BED7-061F0A29C4FD}.Release|Any CPU.Build.0 = Release|Any CPU
		{2478FE6E-07B0-4FC5-A5E9-3A9FA20D217F}.Debug|Any CPU.ActiveCfg = Debug|Any CPU
		{2478FE6E-07B0-4FC5-A5E9-3A9FA20D217F}.Debug|Any CPU.Build.0 = Debug|Any CPU
		{2478FE6E-07B0-4FC5-A5E9-3A9FA20D217F}.Release|Any CPU.ActiveCfg = Release|Any CPU
		{2478FE6E-07B0-4FC5-A5E9-3A9FA20D217F}.Release|Any CPU.Build.0 = Release|Any CPU
		{AAB73F7C-B623-424A-BF2A-F437077DAC96}.Debug|Any CPU.ActiveCfg = Debug|Any CPU
		{AAB73F7C-B623-424A-BF2A-F437077DAC96}.Debug|Any CPU.Build.0 = Debug|Any CPU
		{AAB73F7C-B623-424A-BF2A-F437077DAC96}.Release|Any CPU.ActiveCfg = Release|Any CPU
		{AAB73F7C-B623-424A-BF2A-F437077DAC96}.Release|Any CPU.Build.0 = Release|Any CPU
	EndGlobalSection
	GlobalSection(SolutionProperties) = preSolution
		HideSolutionNode = FALSE
	EndGlobalSection
	GlobalSection(ExtensibilityGlobals) = postSolution
		SolutionGuid = {F226A553-0ACE-4834-AD0D-E849A5548BA6}
	EndGlobalSection
EndGlobal
